// !$*UTF8*$!
{
	archiveVersion = 1;
	classes = {
	};
	objectVersion = 56;
	objects = {

/* Begin PBXBuildFile section */
		7C50232429D5331E003CAC4D /* Module2BonusChallengeApp.swift in Sources */ = {isa = PBXBuildFile; fileRef = 7C50232329D5331E003CAC4D /* Module2BonusChallengeApp.swift */; };
		7C50232629D5331E003CAC4D /* ContentView.swift in Sources */ = {isa = PBXBuildFile; fileRef = 7C50232529D5331E003CAC4D /* ContentView.swift */; };
		7C50232829D53320003CAC4D /* Assets.xcassets in Resources */ = {isa = PBXBuildFile; fileRef = 7C50232729D53320003CAC4D /* Assets.xcassets */; };
		7C50232B29D53320003CAC4D /* Preview Assets.xcassets in Resources */ = {isa = PBXBuildFile; fileRef = 7C50232A29D53320003CAC4D /* Preview Assets.xcassets */; };
		7C50233729D533C9003CAC4D /* data.json in Resources */ = {isa = PBXBuildFile; fileRef = 7C50233629D533C9003CAC4D /* data.json */; };
		7C50233929D5AD2B003CAC4D /* Quote.swift in Sources */ = {isa = PBXBuildFile; fileRef = 7C50233829D5AD2B003CAC4D /* Quote.swift */; };
		7C50233B29D5AE31003CAC4D /* QuoteModel.swift in Sources */ = {isa = PBXBuildFile; fileRef = 7C50233A29D5AE31003CAC4D /* QuoteModel.swift */; };
		7C50233D29D5AE9B003CAC4D /* DataService.swift in Sources */ = {isa = PBXBuildFile; fileRef = 7C50233C29D5AE9B003CAC4D /* DataService.swift */; };
		7C50233F29D5B19B003CAC4D /* RowView.swift in Sources */ = {isa = PBXBuildFile; fileRef = 7C50233E29D5B19B003CAC4D /* RowView.swift */; };
		7C50234129D679C7003CAC4D /* DetailView.swift in Sources */ = {isa = PBXBuildFile; fileRef = 7C50234029D679C7003CAC4D /* DetailView.swift */; };
/* End PBXBuildFile section */

/* Begin PBXFileReference section */
		7C50232029D5331E003CAC4D /* Module2BonusChallenge.app */ = {isa = PBXFileReference; explicitFileType = wrapper.application; includeInIndex = 0; path = Module2BonusChallenge.app; sourceTree = BUILT_PRODUCTS_DIR; };
		7C50232329D5331E003CAC4D /* Module2BonusChallengeApp.swift */ = {isa = PBXFileReference; lastKnownFileType = sourcecode.swift; path = Module2BonusChallengeApp.swift; sourceTree = "<group>"; };
		7C50232529D5331E003CAC4D /* ContentView.swift */ = {isa = PBXFileReference; lastKnownFileType = sourcecode.swift; path = ContentView.swift; sourceTree = "<group>"; };
		7C50232729D53320003CAC4D /* Assets.xcassets */ = {isa = PBXFileReference; lastKnownFileType = folder.assetcatalog; path = Assets.xcassets; sourceTree = "<group>"; };
		7C50232A29D53320003CAC4D /* Preview Assets.xcassets */ = {isa = PBXFileReference; lastKnownFileType = folder.assetcatalog; path = "Preview Assets.xcassets"; sourceTree = "<group>"; };
		7C50233629D533C9003CAC4D /* data.json */ = {isa = PBXFileReference; lastKnownFileType = text.json; path = data.json; sourceTree = "<group>"; };
		7C50233829D5AD2B003CAC4D /* Quote.swift */ = {isa = PBXFileReference; lastKnownFileType = sourcecode.swift; path = Quote.swift; sourceTree = "<group>"; };
		7C50233A29D5AE31003CAC4D /* QuoteModel.swift */ = {isa = PBXFileReference; lastKnownFileType = sourcecode.swift; path = QuoteModel.swift; sourceTree = "<group>"; };
		7C50233C29D5AE9B003CAC4D /* DataService.swift */ = {isa = PBXFileReference; lastKnownFileType = sourcecode.swift; path = DataService.swift; sourceTree = "<group>"; };
		7C50233E29D5B19B003CAC4D /* RowView.swift */ = {isa = PBXFileReference; lastKnownFileType = sourcecode.swift; path = RowView.swift; sourceTree = "<group>"; };
		7C50234029D679C7003CAC4D /* DetailView.swift */ = {isa = PBXFileReference; lastKnownFileType = sourcecode.swift; path = DetailView.swift; sourceTree = "<group>"; };
/* End PBXFileReference section */

/* Begin PBXFrameworksBuildPhase section */
		7C50231D29D5331E003CAC4D /* Frameworks */ = {
			isa = PBXFrameworksBuildPhase;
			buildActionMask = 2147483647;
			files = (
			);
			runOnlyForDeploymentPostprocessing = 0;
		};
/* End PBXFrameworksBuildPhase section */

/* Begin PBXGroup section */
		7C50231729D5331E003CAC4D = {
			isa = PBXGroup;
			children = (
				7C50232229D5331E003CAC4D /* Module2BonusChallenge */,
				7C50232129D5331E003CAC4D /* Products */,
			);
			sourceTree = "<group>";
		};
		7C50232129D5331E003CAC4D /* Products */ = {
			isa = PBXGroup;
			children = (
				7C50232029D5331E003CAC4D /* Module2BonusChallenge.app */,
			);
			name = Products;
			sourceTree = "<group>";
		};
		7C50232229D5331E003CAC4D /* Module2BonusChallenge */ = {
			isa = PBXGroup;
			children = (
				7C50232329D5331E003CAC4D /* Module2BonusChallengeApp.swift */,
				7C50233329D53341003CAC4D /* Models */,
				7C50233229D53339003CAC4D /* ViewModel */,
				7C50233129D53332003CAC4D /* Views */,
				7C50233529D5334D003CAC4D /* Data */,
				7C50233429D53346003CAC4D /* Services */,
				7C50232729D53320003CAC4D /* Assets.xcassets */,
				7C50232929D53320003CAC4D /* Preview Content */,
			);
			path = Module2BonusChallenge;
			sourceTree = "<group>";
		};
		7C50232929D53320003CAC4D /* Preview Content */ = {
			isa = PBXGroup;
			children = (
				7C50232A29D53320003CAC4D /* Preview Assets.xcassets */,
			);
			path = "Preview Content";
			sourceTree = "<group>";
		};
		7C50233129D53332003CAC4D /* Views */ = {
			isa = PBXGroup;
			children = (
				7C50232529D5331E003CAC4D /* ContentView.swift */,
				7C50233E29D5B19B003CAC4D /* RowView.swift */,
				7C50234029D679C7003CAC4D /* DetailView.swift */,
			);
			path = Views;
			sourceTree = "<group>";
		};
		7C50233229D53339003CAC4D /* ViewModel */ = {
			isa = PBXGroup;
			children = (
				7C50233A29D5AE31003CAC4D /* QuoteModel.swift */,
			);
			path = ViewModel;
			sourceTree = "<group>";
		};
		7C50233329D53341003CAC4D /* Models */ = {
			isa = PBXGroup;
			children = (
				7C50233829D5AD2B003CAC4D /* Quote.swift */,
			);
			path = Models;
			sourceTree = "<group>";
		};
		7C50233429D53346003CAC4D /* Services */ = {
			isa = PBXGroup;
			children = (
				7C50233C29D5AE9B003CAC4D /* DataService.swift */,
			);
			path = Services;
			sourceTree = "<group>";
		};
		7C50233529D5334D003CAC4D /* Data */ = {
			isa = PBXGroup;
			children = (
				7C50233629D533C9003CAC4D /* data.json */,
			);
			path = Data;
			sourceTree = "<group>";
		};
/* End PBXGroup section */

/* Begin PBXNativeTarget section */
		7C50231F29D5331E003CAC4D /* Module2BonusChallenge */ = {
			isa = PBXNativeTarget;
			buildConfigurationList = 7C50232E29D53320003CAC4D /* Build configuration list for PBXNativeTarget "Module2BonusChallenge" */;
			buildPhases = (
				7C50231C29D5331E003CAC4D /* Sources */,
				7C50231D29D5331E003CAC4D /* Frameworks */,
				7C50231E29D5331E003CAC4D /* Resources */,
			);
			buildRules = (
			);
			dependencies = (
			);
			name = Module2BonusChallenge;
			productName = Module2BonusChallenge;
			productReference = 7C50232029D5331E003CAC4D /* Module2BonusChallenge.app */;
			productType = "com.apple.product-type.application";
		};
/* End PBXNativeTarget section */

/* Begin PBXProject section */
		7C50231829D5331E003CAC4D /* Project object */ = {
			isa = PBXProject;
			attributes = {
				BuildIndependentTargetsInParallel = 1;
				LastSwiftUpdateCheck = 1420;
				LastUpgradeCheck = 1420;
				TargetAttributes = {
					7C50231F29D5331E003CAC4D = {
						CreatedOnToolsVersion = 14.2;
					};
				};
			};
			buildConfigurationList = 7C50231B29D5331E003CAC4D /* Build configuration list for PBXProject "Module2BonusChallenge" */;
			compatibilityVersion = "Xcode 14.0";
			developmentRegion = en;
			hasScannedForEncodings = 0;
			knownRegions = (
				en,
				Base,
			);
			mainGroup = 7C50231729D5331E003CAC4D;
			productRefGroup = 7C50232129D5331E003CAC4D /* Products */;
			projectDirPath = "";
			projectRoot = "";
			targets = (
				7C50231F29D5331E003CAC4D /* Module2BonusChallenge */,
			);
		};
/* End PBXProject section */

/* Begin PBXResourcesBuildPhase section */
		7C50231E29D5331E003CAC4D /* Resources */ = {
			isa = PBXResourcesBuildPhase;
			buildActionMask = 2147483647;
			files = (
				7C50232B29D53320003CAC4D /* Preview Assets.xcassets in Resources */,
				7C50233729D533C9003CAC4D /* data.json in Resources */,
				7C50232829D53320003CAC4D /* Assets.xcassets in Resources */,
			);
			runOnlyForDeploymentPostprocessing = 0;
		};
/* End PBXResourcesBuildPhase section */

/* Begin PBXSourcesBuildPhase section */
		7C50231C29D5331E003CAC4D /* Sources */ = {
			isa = PBXSourcesBuildPhase;
			buildActionMask = 2147483647;
			files = (
				7C50232629D5331E003CAC4D /* ContentView.swift in Sources */,
				7C50233F29D5B19B003CAC4D /* RowView.swift in Sources */,
				7C50233929D5AD2B003CAC4D /* Quote.swift in Sources */,
				7C50234129D679C7003CAC4D /* DetailView.swift in Sources */,
				7C50233B29D5AE31003CAC4D /* QuoteModel.swift in Sources */,
				7C50232429D5331E003CAC4D /* Module2BonusChallengeApp.swift in Sources */,
				7C50233D29D5AE9B003CAC4D /* DataService.swift in Sources */,
			);
			runOnlyForDeploymentPostprocessing = 0;
		};
/* End PBXSourcesBuildPhase section */

/* Begin XCBuildConfiguration section */
		7C50232C29D53320003CAC4D /* Debug */ = {
			isa = XCBuildConfiguration;
			buildSettings = {
				ALWAYS_SEARCH_USER_PATHS = NO;
				CLANG_ANALYZER_NONNULL = YES;
				CLANG_ANALYZER_NUMBER_OBJECT_CONVERSION = YES_AGGRESSIVE;
				CLANG_CXX_LANGUAGE_STANDARD = "gnu++20";
				CLANG_ENABLE_MODULES = YES;
				CLANG_ENABLE_OBJC_ARC = YES;
				CLANG_ENABLE_OBJC_WEAK = YES;
				CLANG_WARN_BLOCK_CAPTURE_AUTORELEASING = YES;
				CLANG_WARN_BOOL_CONVERSION = YES;
				CLANG_WARN_COMMA = YES;
				CLANG_WARN_CONSTANT_CONVERSION = YES;
				CLANG_WARN_DEPRECATED_OBJC_IMPLEMENTATIONS = YES;
				CLANG_WARN_DIRECT_OBJC_ISA_USAGE = YES_ERROR;
				CLANG_WARN_DOCUMENTATION_COMMENTS = YES;
				CLANG_WARN_EMPTY_BODY = YES;
				CLANG_WARN_ENUM_CONVERSION = YES;
				CLANG_WARN_INFINITE_RECURSION = YES;
				CLANG_WARN_INT_CONVERSION = YES;
				CLANG_WARN_NON_LITERAL_NULL_CONVERSION = YES;
				CLANG_WARN_OBJC_IMPLICIT_RETAIN_SELF = YES;
				CLANG_WARN_OBJC_LITERAL_CONVERSION = YES;
				CLANG_WARN_OBJC_ROOT_CLASS = YES_ERROR;
				CLANG_WARN_QUOTED_INCLUDE_IN_FRAMEWORK_HEADER = YES;
				CLANG_WARN_RANGE_LOOP_ANALYSIS = YES;
				CLANG_WARN_STRICT_PROTOTYPES = YES;
				CLANG_WARN_SUSPICIOUS_MOVE = YES;
				CLANG_WARN_UNGUARDED_AVAILABILITY = YES_AGGRESSIVE;
				CLANG_WARN_UNREACHABLE_CODE = YES;
				CLANG_WARN__DUPLICATE_METHOD_MATCH = YES;
				COPY_PHASE_STRIP = NO;
				DEBUG_INFORMATION_FORMAT = dwarf;
				ENABLE_STRICT_OBJC_MSGSEND = YES;
				ENABLE_TESTABILITY = YES;
				GCC_C_LANGUAGE_STANDARD = gnu11;
				GCC_DYNAMIC_NO_PIC = NO;
				GCC_NO_COMMON_BLOCKS = YES;
				GCC_OPTIMIZATION_LEVEL = 0;
				GCC_PREPROCESSOR_DEFINITIONS = (
					"DEBUG=1",
					"$(inherited)",
				);
				GCC_WARN_64_TO_32_BIT_CONVERSION = YES;
				GCC_WARN_ABOUT_RETURN_TYPE = YES_ERROR;
				GCC_WARN_UNDECLARED_SELECTOR = YES;
				GCC_WARN_UNINITIALIZED_AUTOS = YES_AGGRESSIVE;
				GCC_WARN_UNUSED_FUNCTION = YES;
				GCC_WARN_UNUSED_VARIABLE = YES;
				IPHONEOS_DEPLOYMENT_TARGET = 16.2;
				MTL_ENABLE_DEBUG_INFO = INCLUDE_SOURCE;
				MTL_FAST_MATH = YES;
				ONLY_ACTIVE_ARCH = YES;
				SDKROOT = iphoneos;
				SWIFT_ACTIVE_COMPILATION_CONDITIONS = DEBUG;
				SWIFT_OPTIMIZATION_LEVEL = "-Onone";
			};
			name = Debug;
		};
		7C50232D29D53320003CAC4D /* Release */ = {
			isa = XCBuildConfiguration;
			buildSettings = {
				ALWAYS_SEARCH_USER_PATHS = NO;
				CLANG_ANALYZER_NONNULL = YES;
				CLANG_ANALYZER_NUMBER_OBJECT_CONVERSION = YES_AGGRESSIVE;
				CLANG_CXX_LANGUAGE_STANDARD = "gnu++20";
				CLANG_ENABLE_MODULES = YES;
				CLANG_ENABLE_OBJC_ARC = YES;
				CLANG_ENABLE_OBJC_WEAK = YES;
				CLANG_WARN_BLOCK_CAPTURE_AUTORELEASING = YES;
				CLANG_WARN_BOOL_CONVERSION = YES;
				CLANG_WARN_COMMA = YES;
				CLANG_WARN_CONSTANT_CONVERSION = YES;
				CLANG_WARN_DEPRECATED_OBJC_IMPLEMENTATIONS = YES;
				CLANG_WARN_DIRECT_OBJC_ISA_USAGE = YES_ERROR;
				CLANG_WARN_DOCUMENTATION_COMMENTS = YES;
				CLANG_WARN_EMPTY_BODY = YES;
				CLANG_WARN_ENUM_CONVERSION = YES;
				CLANG_WARN_INFINITE_RECURSION = YES;
				CLANG_WARN_INT_CONVERSION = YES;
				CLANG_WARN_NON_LITERAL_NULL_CONVERSION = YES;
				CLANG_WARN_OBJC_IMPLICIT_RETAIN_SELF = YES;
				CLANG_WARN_OBJC_LITERAL_CONVERSION = YES;
				CLANG_WARN_OBJC_ROOT_CLASS = YES_ERROR;
				CLANG_WARN_QUOTED_INCLUDE_IN_FRAMEWORK_HEADER = YES;
				CLANG_WARN_RANGE_LOOP_ANALYSIS = YES;
				CLANG_WARN_STRICT_PROTOTYPES = YES;
				CLANG_WARN_SUSPICIOUS_MOVE = YES;
				CLANG_WARN_UNGUARDED_AVAILABILITY = YES_AGGRESSIVE;
				CLANG_WARN_UNREACHABLE_CODE = YES;
				CLANG_WARN__DUPLICATE_METHOD_MATCH = YES;
				COPY_PHASE_STRIP = NO;
				DEBUG_INFORMATION_FORMAT = "dwarf-with-dsym";
				ENABLE_NS_ASSERTIONS = NO;
				ENABLE_STRICT_OBJC_MSGSEND = YES;
				GCC_C_LANGUAGE_STANDARD = gnu11;
				GCC_NO_COMMON_BLOCKS = YES;
				GCC_WARN_64_TO_32_BIT_CONVERSION = YES;
				GCC_WARN_ABOUT_RETURN_TYPE = YES_ERROR;
				GCC_WARN_UNDECLARED_SELECTOR = YES;
				GCC_WARN_UNINITIALIZED_AUTOS = YES_AGGRESSIVE;
				GCC_WARN_UNUSED_FUNCTION = YES;
				GCC_WARN_UNUSED_VARIABLE = YES;
				IPHONEOS_DEPLOYMENT_TARGET = 16.2;
				MTL_ENABLE_DEBUG_INFO = NO;
				MTL_FAST_MATH = YES;
				SDKROOT = iphoneos;
				SWIFT_COMPILATION_MODE = wholemodule;
				SWIFT_OPTIMIZATION_LEVEL = "-O";
				VALIDATE_PRODUCT = YES;
			};
			name = Release;
		};
		7C50232F29D53320003CAC4D /* Debug */ = {
			isa = XCBuildConfiguration;
			buildSettings = {
				ASSETCATALOG_COMPILER_APPICON_NAME = AppIcon;
				ASSETCATALOG_COMPILER_GLOBAL_ACCENT_COLOR_NAME = AccentColor;
				CODE_SIGN_STYLE = Automatic;
				CURRENT_PROJECT_VERSION = 1;
				DEVELOPMENT_ASSET_PATHS = "\"Module2BonusChallenge/Preview Content\"";
				DEVELOPMENT_TEAM = 428GJN2297;
				ENABLE_PREVIEWS = YES;
				GENERATE_INFOPLIST_FILE = YES;
				INFOPLIST_KEY_UIApplicationSceneManifest_Generation = YES;
				INFOPLIST_KEY_UIApplicationSupportsIndirectInputEvents = YES;
				INFOPLIST_KEY_UILaunchScreen_Generation = YES;
				INFOPLIST_KEY_UISupportedInterfaceOrientations_iPad = "UIInterfaceOrientationPortrait UIInterfaceOrientationPortraitUpsideDown UIInterfaceOrientationLandscapeLeft UIInterfaceOrientationLandscapeRight";
				INFOPLIST_KEY_UISupportedInterfaceOrientations_iPhone = "UIInterfaceOrientationPortrait UIInterfaceOrientationLandscapeLeft UIInterfaceOrientationLandscapeRight";
				LD_RUNPATH_SEARCH_PATHS = (
					"$(inherited)",
					"@executable_path/Frameworks",
				);
				MARKETING_VERSION = 1.0;
				PRODUCT_BUNDLE_IDENTIFIER = com.jtklinger.Module2BonusChallenge;
				PRODUCT_NAME = "$(TARGET_NAME)";
				SWIFT_EMIT_LOC_STRINGS = YES;
				SWIFT_VERSION = 5.0;
				TARGETED_DEVICE_FAMILY = "1,2";
			};
			name = Debug;
		};
		7C50233029D53320003CAC4D /* Release */ = {
			isa = XCBuildConfiguration;
			buildSettings = {
				ASSETCATALOG_COMPILER_APPICON_NAME = AppIcon;
				ASSETCATALOG_COMPILER_GLOBAL_ACCENT_COLOR_NAME = AccentColor;
				CODE_SIGN_STYLE = Automatic;
				CURRENT_PROJECT_VERSION = 1;
				DEVELOPMENT_ASSET_PATHS = "\"Module2BonusChallenge/Preview Content\"";
				DEVELOPMENT_TEAM = 428GJN2297;
				ENABLE_PREVIEWS = YES;
				GENERATE_INFOPLIST_FILE = YES;
				INFOPLIST_KEY_UIApplicationSceneManifest_Generation = YES;
				INFOPLIST_KEY_UIApplicationSupportsIndirectInputEvents = YES;
				INFOPLIST_KEY_UILaunchScreen_Generation = YES;
				INFOPLIST_KEY_UISupportedInterfaceOrientations_iPad = "UIInterfaceOrientationPortrait UIInterfaceOrientationPortraitUpsideDown UIInterfaceOrientationLandscapeLeft UIInterfaceOrientationLandscapeRight";
				INFOPLIST_KEY_UISupportedInterfaceOrientations_iPhone = "UIInterfaceOrientationPortrait UIInterfaceOrientationLandscapeLeft UIInterfaceOrientationLandscapeRight";
				LD_RUNPATH_SEARCH_PATHS = (
					"$(inherited)",
					"@executable_path/Frameworks",
				);
				MARKETING_VERSION = 1.0;
				PRODUCT_BUNDLE_IDENTIFIER = com.jtklinger.Module2BonusChallenge;
				PRODUCT_NAME = "$(TARGET_NAME)";
				SWIFT_EMIT_LOC_STRINGS = YES;
				SWIFT_VERSION = 5.0;
				TARGETED_DEVICE_FAMILY = "1,2";
			};
			name = Release;
		};
/* End XCBuildConfiguration section */

/* Begin XCConfigurationList section */
		7C50231B29D5331E003CAC4D /* Build configuration list for PBXProject "Module2BonusChallenge" */ = {
			isa = XCConfigurationList;
			buildConfigurations = (
				7C50232C29D53320003CAC4D /* Debug */,
				7C50232D29D53320003CAC4D /* Release */,
			);
			defaultConfigurationIsVisible = 0;
			defaultConfigurationName = Release;
		};
		7C50232E29D53320003CAC4D /* Build configuration list for PBXNativeTarget "Module2BonusChallenge" */ = {
			isa = XCConfigurationList;
			buildConfigurations = (
				7C50232F29D53320003CAC4D /* Debug */,
				7C50233029D53320003CAC4D /* Release */,
			);
			defaultConfigurationIsVisible = 0;
			defaultConfigurationName = Release;
		};
/* End XCConfigurationList section */
	};
	rootObject = 7C50231829D5331E003CAC4D /* Project object */;
}
